
Microsoft Visual Studio Solution File, Format Version 12.00
# Visual Studio Version 16
VisualStudioVersion = 16.0.34301.259
MinimumVisualStudioVersion = 10.0.40219.1
Project("{FAE04EC0-301F-11D3-BF4B-00C04F79EFBC}") = "BeehiveManagementSystem", "BeehiveManagementSystem\BeehiveManagementSystem.csproj", "{20687860-359E-485E-9E17-B95AA344E25A}"
EndProject
Global
	GlobalSection(SolutionConfigurationPlatforms) = preSolution
		Debug|Any CPU = Debug|Any CPU
		Release|Any CPU = Release|Any CPU
	EndGlobalSection
	GlobalSection(ProjectConfigurationPlatforms) = postSolution
		{20687860-359E-485E-9E17-B95AA344E25A}.Debug|Any CPU.ActiveCfg = Debug|Any CPU
		{20687860-359E-485E-9E17-B95AA344E25A}.Debug|Any CPU.Build.0 = Debug|Any CPU
		{20687860-359E-485E-9E17-B95AA344E25A}.Release|Any CPU.ActiveCfg = Release|Any CPU
		{20687860-359E-485E-9E17-B95AA344E25A}.Release|Any CPU.Build.0 = Release|Any CPU
	EndGlobalSection
	GlobalSection(SolutionProperties) = preSolution
		HideSolutionNode = FALSE
	EndGlobalSection
	GlobalSection(ExtensibilityGlobals) = postSolution
		SolutionGuid = {F84D3DB9-7503-466E-93BC-CE13165142FD}
	EndGlobalSection
EndGlobal
